
Microsoft Visual Studio Solution File, Format Version 12.00
# Visual Studio 15
VisualStudioVersion = 15.0.27428.2002
MinimumVisualStudioVersion = 10.0.40219.1
Project("{9A19103F-16F7-4668-BE54-9A1E7A4F7556}") = "Kiki.WebApp", "Kiki.WebApp\Kiki.WebApp.csproj", "{EF11EB02-5E98-4A8D-9CF1-28E88AE27E7C}"
EndProject
Project("{FAE04EC0-301F-11D3-BF4B-00C04F79EFBC}") = "Kiki.WebCatalog.Tests", "Kiki.WebCatalog.Tests\Kiki.WebCatalog.Tests.csproj", "{5D55A94E-F3AE-40F1-BF9D-F0AC15419CF3}"
EndProject
Global
	GlobalSection(SolutionConfigurationPlatforms) = preSolution
		Debug|Any CPU = Debug|Any CPU
		Release|Any CPU = Release|Any CPU
	EndGlobalSection
	GlobalSection(ProjectConfigurationPlatforms) = postSolution
		{EF11EB02-5E98-4A8D-9CF1-28E88AE27E7C}.Debug|Any CPU.ActiveCfg = Debug|Any CPU
		{EF11EB02-5E98-4A8D-9CF1-28E88AE27E7C}.Debug|Any CPU.Build.0 = Debug|Any CPU
		{EF11EB02-5E98-4A8D-9CF1-28E88AE27E7C}.Release|Any CPU.ActiveCfg = Release|Any CPU
		{EF11EB02-5E98-4A8D-9CF1-28E88AE27E7C}.Release|Any CPU.Build.0 = Release|Any CPU
		{5D55A94E-F3AE-40F1-BF9D-F0AC15419CF3}.Debug|Any CPU.ActiveCfg = Debug|Any CPU
		{5D55A94E-F3AE-40F1-BF9D-F0AC15419CF3}.Debug|Any CPU.Build.0 = Debug|Any CPU
		{5D55A94E-F3AE-40F1-BF9D-F0AC15419CF3}.Release|Any CPU.ActiveCfg = Release|Any CPU
		{5D55A94E-F3AE-40F1-BF9D-F0AC15419CF3}.Release|Any CPU.Build.0 = Release|Any CPU
	EndGlobalSection
	GlobalSection(SolutionProperties) = preSolution
		HideSolutionNode = FALSE
	EndGlobalSection
	GlobalSection(ExtensibilityGlobals) = postSolution
		SolutionGuid = {4293DD0B-5781-40E2-815F-060338D4383E}
	EndGlobalSection
EndGlobal
